// !$*UTF8*$!
{
	archiveVersion = 1;
	classes = {
	};
	objectVersion = 50;
	objects = {

/* Begin PBXBuildFile section */
		B34219E525BFF48800BEBD1E /* XylophoneApp.swift in Sources */ = {isa = PBXBuildFile; fileRef = B34219E425BFF48800BEBD1E /* XylophoneApp.swift */; };
		B34219E925BFF48E00BEBD1E /* Assets.xcassets in Resources */ = {isa = PBXBuildFile; fileRef = B34219E825BFF48E00BEBD1E /* Assets.xcassets */; };
		B34219EC25BFF48E00BEBD1E /* Preview Assets.xcassets in Resources */ = {isa = PBXBuildFile; fileRef = B34219EB25BFF48E00BEBD1E /* Preview Assets.xcassets */; };
		B34219F525BFF66800BEBD1E /* XylphoneItem.swift in Sources */ = {isa = PBXBuildFile; fileRef = B34219F425BFF66800BEBD1E /* XylphoneItem.swift */; };
		B34219F925BFF72100BEBD1E /* ContentView.swift in Sources */ = {isa = PBXBuildFile; fileRef = B34219F825BFF72100BEBD1E /* ContentView.swift */; };
/* End PBXBuildFile section */

/* Begin PBXFileReference section */
		B34219E125BFF48800BEBD1E /* Xylophone.app */ = {isa = PBXFileReference; explicitFileType = wrapper.application; includeInIndex = 0; path = Xylophone.app; sourceTree = BUILT_PRODUCTS_DIR; };
		B34219E425BFF48800BEBD1E /* XylophoneApp.swift */ = {isa = PBXFileReference; lastKnownFileType = sourcecode.swift; path = XylophoneApp.swift; sourceTree = "<group>"; };
		B34219E825BFF48E00BEBD1E /* Assets.xcassets */ = {isa = PBXFileReference; lastKnownFileType = folder.assetcatalog; path = Assets.xcassets; sourceTree = "<group>"; };
		B34219EB25BFF48E00BEBD1E /* Preview Assets.xcassets */ = {isa = PBXFileReference; lastKnownFileType = folder.assetcatalog; path = "Preview Assets.xcassets"; sourceTree = "<group>"; };
		B34219ED25BFF48E00BEBD1E /* Info.plist */ = {isa = PBXFileReference; lastKnownFileType = text.plist.xml; path = Info.plist; sourceTree = "<group>"; };
		B34219F425BFF66800BEBD1E /* XylphoneItem.swift */ = {isa = PBXFileReference; lastKnownFileType = sourcecode.swift; path = XylphoneItem.swift; sourceTree = "<group>"; };
		B34219F825BFF72100BEBD1E /* ContentView.swift */ = {isa = PBXFileReference; lastKnownFileType = sourcecode.swift; name = ContentView.swift; path = Xylophone/ContentView.swift; sourceTree = SOURCE_ROOT; };
/* End PBXFileReference section */

/* Begin PBXFrameworksBuildPhase section */
		B34219DE25BFF48800BEBD1E /* Frameworks */ = {
			isa = PBXFrameworksBuildPhase;
			buildActionMask = 2147483647;
			files = (
			);
			runOnlyForDeploymentPostprocessing = 0;
		};
/* End PBXFrameworksBuildPhase section */

/* Begin PBXGroup section */
		B34219D825BFF48800BEBD1E = {
			isa = PBXGroup;
			children = (
				B34219E325BFF48800BEBD1E /* Xylophone */,
				B34219E225BFF48800BEBD1E /* Products */,
			);
			sourceTree = "<group>";
		};
		B34219E225BFF48800BEBD1E /* Products */ = {
			isa = PBXGroup;
			children = (
				B34219E125BFF48800BEBD1E /* Xylophone.app */,
			);
			name = Products;
			sourceTree = "<group>";
		};
		B34219E325BFF48800BEBD1E /* Xylophone */ = {
			isa = PBXGroup;
			children = (
				B34219E425BFF48800BEBD1E /* XylophoneApp.swift */,
				B34219F825BFF72100BEBD1E /* ContentView.swift */,
				B34219F425BFF66800BEBD1E /* XylphoneItem.swift */,
				B34219E825BFF48E00BEBD1E /* Assets.xcassets */,
				B34219ED25BFF48E00BEBD1E /* Info.plist */,
				B34219EA25BFF48E00BEBD1E /* Preview Content */,
			);
			path = Xylophone;
			sourceTree = "<group>";
		};
		B34219EA25BFF48E00BEBD1E /* Preview Content */ = {
			isa = PBXGroup;
			children = (
				B34219EB25BFF48E00BEBD1E /* Preview Assets.xcassets */,
			);
			path = "Preview Content";
			sourceTree = "<group>";
		};
/* End PBXGroup section */

/* Begin PBXNativeTarget section */
		B34219E025BFF48800BEBD1E /* Xylophone */ = {
			isa = PBXNativeTarget;
			buildConfigurationList = B34219F025BFF48E00BEBD1E /* Build configuration list for PBXNativeTarget "Xylophone" */;
			buildPhases = (
				B34219DD25BFF48800BEBD1E /* Sources */,
				B34219DE25BFF48800BEBD1E /* Frameworks */,
				B34219DF25BFF48800BEBD1E /* Resources */,
			);
			buildRules = (
			);
			dependencies = (
			);
			name = Xylophone;
			productName = Xylophone;
			productReference = B34219E125BFF48800BEBD1E /* Xylophone.app */;
			productType = "com.apple.product-type.application";
		};
/* End PBXNativeTarget section */

/* Begin PBXProject section */
		B34219D925BFF48800BEBD1E /* Project object */ = {
			isa = PBXProject;
			attributes = {
				LastSwiftUpdateCheck = 1230;
				LastUpgradeCheck = 1230;
				TargetAttributes = {
					B34219E025BFF48800BEBD1E = {
						CreatedOnToolsVersion = 12.3;
					};
				};
			};
			buildConfigurationList = B34219DC25BFF48800BEBD1E /* Build configuration list for PBXProject "Xylophone" */;
			compatibilityVersion = "Xcode 9.3";
			developmentRegion = en;
			hasScannedForEncodings = 0;
			knownRegions = (
				en,
				Base,
			);
			mainGroup = B34219D825BFF48800BEBD1E;
			productRefGroup = B34219E225BFF48800BEBD1E /* Products */;
			projectDirPath = "";
			projectRoot = "";
			targets = (
				B34219E025BFF48800BEBD1E /* Xylophone */,
			);
		};
/* End PBXProject section */

/* Begin PBXResourcesBuildPhase section */
		B34219DF25BFF48800BEBD1E /* Resources */ = {
			isa = PBXResourcesBuildPhase;
			buildActionMask = 2147483647;
			files = (
				B34219EC25BFF48E00BEBD1E /* Preview Assets.xcassets in Resources */,
				B34219E925BFF48E00BEBD1E /* Assets.xcassets in Resources */,
			);
			runOnlyForDeploymentPostprocessing = 0;
		};
/* End PBXResourcesBuildPhase section */

/* Begin PBXSourcesBuildPhase section */
		B34219DD25BFF48800BEBD1E /* Sources */ = {
			isa = PBXSourcesBuildPhase;
			buildActionMask = 2147483647;
			files = (
				B34219F525BFF66800BEBD1E /* XylphoneItem.swift in Sources */,
				B34219E525BFF48800BEBD1E /* XylophoneApp.swift in Sources */,
				B34219F925BFF72100BEBD1E /* ContentView.swift in Sources */,
			);
			runOnlyForDeploymentPostprocessing = 0;
		};
/* End PBXSourcesBuildPhase section */

/* Begin XCBuildConfiguration section */
		B34219EE25BFF48E00BEBD1E /* Debug */ = {
			isa = XCBuildConfiguration;
			buildSettings = {
				ALWAYS_SEARCH_USER_PATHS = NO;
				CLANG_ANALYZER_NONNULL = YES;
				CLANG_ANALYZER_NUMBER_OBJECT_CONVERSION = YES_AGGRESSIVE;
				CLANG_CXX_LANGUAGE_STANDARD = "gnu++14";
				CLANG_CXX_LIBRARY = "libc++";
				CLANG_ENABLE_MODULES = YES;
				CLANG_ENABLE_OBJC_ARC = YES;
				CLANG_ENABLE_OBJC_WEAK = YES;
				CLANG_WARN_BLOCK_CAPTURE_AUTORELEASING = YES;
				CLANG_WARN_BOOL_CONVERSION = YES;
				CLANG_WARN_COMMA = YES;
				CLANG_WARN_CONSTANT_CONVERSION = YES;
				CLANG_WARN_DEPRECATED_OBJC_IMPLEMENTATIONS = YES;
				CLANG_WARN_DIRECT_OBJC_ISA_USAGE = YES_ERROR;
				CLANG_WARN_DOCUMENTATION_COMMENTS = YES;
				CLANG_WARN_EMPTY_BODY = YES;
				CLANG_WARN_ENUM_CONVERSION = YES;
				CLANG_WARN_INFINITE_RECURSION = YES;
				CLANG_WARN_INT_CONVERSION = YES;
				CLANG_WARN_NON_LITERAL_NULL_CONVERSION = YES;
				CLANG_WARN_OBJC_IMPLICIT_RETAIN_SELF = YES;
				CLANG_WARN_OBJC_LITERAL_CONVERSION = YES;
				CLANG_WARN_OBJC_ROOT_CLASS = YES_ERROR;
				CLANG_WARN_QUOTED_INCLUDE_IN_FRAMEWORK_HEADER = YES;
				CLANG_WARN_RANGE_LOOP_ANALYSIS = YES;
				CLANG_WARN_STRICT_PROTOTYPES = YES;
				CLANG_WARN_SUSPICIOUS_MOVE = YES;
				CLANG_WARN_UNGUARDED_AVAILABILITY = YES_AGGRESSIVE;
				CLANG_WARN_UNREACHABLE_CODE = YES;
				CLANG_WARN__DUPLICATE_METHOD_MATCH = YES;
				COPY_PHASE_STRIP = NO;
				DEBUG_INFORMATION_FORMAT = dwarf;
				ENABLE_STRICT_OBJC_MSGSEND = YES;
				ENABLE_TESTABILITY = YES;
				GCC_C_LANGUAGE_STANDARD = gnu11;
				GCC_DYNAMIC_NO_PIC = NO;
				GCC_NO_COMMON_BLOCKS = YES;
				GCC_OPTIMIZATION_LEVEL = 0;
				GCC_PREPROCESSOR_DEFINITIONS = (
					"DEBUG=1",
					"$(inherited)",
				);
				GCC_WARN_64_TO_32_BIT_CONVERSION = YES;
				GCC_WARN_ABOUT_RETURN_TYPE = YES_ERROR;
				GCC_WARN_UNDECLARED_SELECTOR = YES;
				GCC_WARN_UNINITIALIZED_AUTOS = YES_AGGRESSIVE;
				GCC_WARN_UNUSED_FUNCTION = YES;
				GCC_WARN_UNUSED_VARIABLE = YES;
				IPHONEOS_DEPLOYMENT_TARGET = 14.3;
				MTL_ENABLE_DEBUG_INFO = INCLUDE_SOURCE;
				MTL_FAST_MATH = YES;
				ONLY_ACTIVE_ARCH = YES;
				SDKROOT = iphoneos;
				SWIFT_ACTIVE_COMPILATION_CONDITIONS = DEBUG;
				SWIFT_OPTIMIZATION_LEVEL = "-Onone";
			};
			name = Debug;
		};
		B34219EF25BFF48E00BEBD1E /* Release */ = {
			isa = XCBuildConfiguration;
			buildSettings = {
				ALWAYS_SEARCH_USER_PATHS = NO;
				CLANG_ANALYZER_NONNULL = YES;
				CLANG_ANALYZER_NUMBER_OBJECT_CONVERSION = YES_AGGRESSIVE;
				CLANG_CXX_LANGUAGE_STANDARD = "gnu++14";
				CLANG_CXX_LIBRARY = "libc++";
				CLANG_ENABLE_MODULES = YES;
				CLANG_ENABLE_OBJC_ARC = YES;
				CLANG_ENABLE_OBJC_WEAK = YES;
				CLANG_WARN_BLOCK_CAPTURE_AUTORELEASING = YES;
				CLANG_WARN_BOOL_CONVERSION = YES;
				CLANG_WARN_COMMA = YES;
				CLANG_WARN_CONSTANT_CONVERSION = YES;
				CLANG_WARN_DEPRECATED_OBJC_IMPLEMENTATIONS = YES;
				CLANG_WARN_DIRECT_OBJC_ISA_USAGE = YES_ERROR;
				CLANG_WARN_DOCUMENTATION_COMMENTS = YES;
				CLANG_WARN_EMPTY_BODY = YES;
				CLANG_WARN_ENUM_CONVERSION = YES;
				CLANG_WARN_INFINITE_RECURSION = YES;
				CLANG_WARN_INT_CONVERSION = YES;
				CLANG_WARN_NON_LITERAL_NULL_CONVERSION = YES;
				CLANG_WARN_OBJC_IMPLICIT_RETAIN_SELF = YES;
				CLANG_WARN_OBJC_LITERAL_CONVERSION = YES;
				CLANG_WARN_OBJC_ROOT_CLASS = YES_ERROR;
				CLANG_WARN_QUOTED_INCLUDE_IN_FRAMEWORK_HEADER = YES;
				CLANG_WARN_RANGE_LOOP_ANALYSIS = YES;
				CLANG_WARN_STRICT_PROTOTYPES = YES;
				CLANG_WARN_SUSPICIOUS_MOVE = YES;
				CLANG_WARN_UNGUARDED_AVAILABILITY = YES_AGGRESSIVE;
				CLANG_WARN_UNREACHABLE_CODE = YES;
				CLANG_WARN__DUPLICATE_METHOD_MATCH = YES;
				COPY_PHASE_STRIP = NO;
				DEBUG_INFORMATION_FORMAT = "dwarf-with-dsym";
				ENABLE_NS_ASSERTIONS = NO;
				ENABLE_STRICT_OBJC_MSGSEND = YES;
				GCC_C_LANGUAGE_STANDARD = gnu11;
				GCC_NO_COMMON_BLOCKS = YES;
				GCC_WARN_64_TO_32_BIT_CONVERSION = YES;
				GCC_WARN_ABOUT_RETURN_TYPE = YES_ERROR;
				GCC_WARN_UNDECLARED_SELECTOR = YES;
				GCC_WARN_UNINITIALIZED_AUTOS = YES_AGGRESSIVE;
				GCC_WARN_UNUSED_FUNCTION = YES;
				GCC_WARN_UNUSED_VARIABLE = YES;
				IPHONEOS_DEPLOYMENT_TARGET = 14.3;
				MTL_ENABLE_DEBUG_INFO = NO;
				MTL_FAST_MATH = YES;
				SDKROOT = iphoneos;
				SWIFT_COMPILATION_MODE = wholemodule;
				SWIFT_OPTIMIZATION_LEVEL = "-O";
				VALIDATE_PRODUCT = YES;
			};
			name = Release;
		};
		B34219F125BFF48E00BEBD1E /* Debug */ = {
			isa = XCBuildConfiguration;
			buildSettings = {
				ASSETCATALOG_COMPILER_APPICON_NAME = AppIcon;
				ASSETCATALOG_COMPILER_GLOBAL_ACCENT_COLOR_NAME = AccentColor;
				CODE_SIGN_STYLE = Automatic;
				DEVELOPMENT_ASSET_PATHS = "\"Xylophone/Preview Content\"";
				DEVELOPMENT_TEAM = 376A7TU685;
				ENABLE_PREVIEWS = YES;
				INFOPLIST_FILE = Xylophone/Info.plist;
				IPHONEOS_DEPLOYMENT_TARGET = 14.0;
				LD_RUNPATH_SEARCH_PATHS = (
					"$(inherited)",
					"@executable_path/Frameworks",
				);
				PRODUCT_BUNDLE_IDENTIFIER = com.leonidn.Xylophone;
				PRODUCT_NAME = "$(TARGET_NAME)";
				SWIFT_VERSION = 5.0;
				TARGETED_DEVICE_FAMILY = "1,2";
			};
			name = Debug;
		};
		B34219F225BFF48E00BEBD1E /* Release */ = {
			isa = XCBuildConfiguration;
			buildSettings = {
				ASSETCATALOG_COMPILER_APPICON_NAME = AppIcon;
				ASSETCATALOG_COMPILER_GLOBAL_ACCENT_COLOR_NAME = AccentColor;
				CODE_SIGN_STYLE = Automatic;
				DEVELOPMENT_ASSET_PATHS = "\"Xylophone/Preview Content\"";
				DEVELOPMENT_TEAM = 376A7TU685;
				ENABLE_PREVIEWS = YES;
				INFOPLIST_FILE = Xylophone/Info.plist;
				IPHONEOS_DEPLOYMENT_TARGET = 14.0;
				LD_RUNPATH_SEARCH_PATHS = (
					"$(inherited)",
					"@executable_path/Frameworks",
				);
				PRODUCT_BUNDLE_IDENTIFIER = com.leonidn.Xylophone;
				PRODUCT_NAME = "$(TARGET_NAME)";
				SWIFT_VERSION = 5.0;
				TARGETED_DEVICE_FAMILY = "1,2";
			};
			name = Release;
		};
/* End XCBuildConfiguration section */

/* Begin XCConfigurationList section */
		B34219DC25BFF48800BEBD1E /* Build configuration list for PBXProject "Xylophone" */ = {
			isa = XCConfigurationList;
			buildConfigurations = (
				B34219EE25BFF48E00BEBD1E /* Debug */,
				B34219EF25BFF48E00BEBD1E /* Release */,
			);
			defaultConfigurationIsVisible = 0;
			defaultConfigurationName = Release;
		};
		B34219F025BFF48E00BEBD1E /* Build configuration list for PBXNativeTarget "Xylophone" */ = {
			isa = XCConfigurationList;
			buildConfigurations = (
				B34219F125BFF48E00BEBD1E /* Debug */,
				B34219F225BFF48E00BEBD1E /* Release */,
			);
			defaultConfigurationIsVisible = 0;
			defaultConfigurationName = Release;
		};
/* End XCConfigurationList section */
	};
	rootObject = B34219D925BFF48800BEBD1E /* Project object */;
}
